uuid: 07699f03-eeec-4673-9fd8-6e7738068a7a
langcode: en
status: true
dependencies:
  module:
    - weather_update
  theme:
    - olivero
id: olivero_weatherblock
theme: olivero
region: sidebar
weight: 0
provider: null
plugin: weather_block
settings:
  id: weather_block
  label: 'Weather Block'
  label_display: visible
  provider: weather_update
visibility: {  }
